PODS:
  - Flutter (1.0.0)
  - fluttertoast (0.0.2):
    - Flutter
  - image_cropper (0.0.4):
    - Flutter
    - TOCropViewController (~> 2.8.0)
  - image_picker_ios (0.0.1):
    - Flutter
  - razorpay-core-pod (1.0.6)
  - razorpay-pod (1.5.3):
    - razorpay-core-pod (= 1.0.6)
  - razorpay_flutter (1.1.10):
    - Flutter
    - razorpay-pod
  - shared_preferences_foundation (0.0.1):
    - Flutter
    - FlutterMacOS
  - TOCropViewController (2.8.0)

DEPENDENCIES:
  - Flutter (from `Flutter`)
  - fluttertoast (from `.symlinks/plugins/fluttertoast/ios`)
  - image_cropper (from `.symlinks/plugins/image_cropper/ios`)
  - image_picker_ios (from `.symlinks/plugins/image_picker_ios/ios`)
  - razorpay_flutter (from `.symlinks/plugins/razorpay_flutter/ios`)
  - shared_preferences_foundation (from `.symlinks/plugins/shared_preferences_foundation/darwin`)

SPEC REPOS:
  trunk:
    - razorpay-core-pod
    - razorpay-pod
    - TOCropViewController

EXTERNAL SOURCES:
  Flutter:
    :path: Flutter
  fluttertoast:
    :path: ".symlinks/plugins/fluttertoast/ios"
  image_cropper:
    :path: ".symlinks/plugins/image_cropper/ios"
  image_picker_ios:
    :path: ".symlinks/plugins/image_picker_ios/ios"
  razorpay_flutter:
    :path: ".symlinks/plugins/razorpay_flutter/ios"
  shared_preferences_foundation:
    :path: ".symlinks/plugins/shared_preferences_foundation/darwin"

SPEC CHECKSUMS:
  Flutter: cabc95a1d2626b1b06e7179b784ebcf0c0cde467
  fluttertoast: 2c67e14dce98bbdb200df9e1acf610d7a6264ea1
  image_cropper: 64567491beea6cd1bc4b11948e2babb590de5826
  image_picker_ios: e0ece4aa2a75771a7de3fa735d26d90817041326
  razorpay-core-pod: 6da5fb4ed280279d665507fdb50e213d793a5fe2
  razorpay-pod: 4385cf844aa29389313b741e20c72fe668970d49
  razorpay_flutter: 0e98e4fcaae27ad50e011d85f66d85e0a008754a
  shared_preferences_foundation: 7036424c3d8ec98dfe75ff1667cb0cd531ec82bb
  TOCropViewController: 797deaf39c90e6e9ddd848d88817f6b9a8a09888

PODFILE CHECKSUM: bfe6e1bba9b0f7a5ceda2da70a6d1337ef6ec29d

COCOAPODS: 1.16.2
